[{<<"clj">>,
  {git,"git://github.com/lfex/clj",
       {ref,"1be3d8fedaf338df7ae24f688b12ef5754fb235e"}},
  0},
 {<<"color">>,
  {git,"https://github.com/julianduque/erlang-color",
       {ref,"e60f6302f795220f5f0bee86391ffee5274edec0"}},
  1},
 {<<"cowboy">>,
  {git,"git://github.com/ninenines/cowboy",
       {ref,"d08c2ab39d38c181abda279d5c2cadfac33a50c1"}},
  0},
 {<<"cowlib">>,
  {git,"https://github.com/ninenines/cowlib.git",
       {ref,"d544a494af4dbc810fc9c15eaf5cc050cced1501"}},
  1},
 {<<"erlydtl">>,
  {git,"git://github.com/erlydtl/erlydtl",
       {ref,"ea9f0dd723393037c5290bd1b809e6496a4fe00c"}},
  0},
 {<<"goldrush">>,
  {git,"git://github.com/DeadZen/goldrush.git",
       {ref,"212299233c7e7eb63a97be2777e1c05ebaa58dbe"}},
  2},
 {<<"kla">>,
  {git,"git://github.com/lfex/kla.git",
       {ref,"c3a4cb86f76982c40dcd640768db7056bb8d5df7"}},
  1},
 {<<"lager">>,
  {git,"https://github.com/basho/lager.git",
       {ref,"45fe95ba6cd964b7a667394c4e671a5afe8f5a42"}},
  1},
 {<<"lcfg">>,
  {git,"https://github.com/lfex/lcfg.git",
       {ref,"438dba5e6b1c4ba081430b3ecb6a8bc8b7e6fc87"}},
  1},
 {<<"lfe">>,
  {git,"git://github.com/rvirding/lfe",
       {ref,"dbfa93298f76603839a477d406bb871d1e0d5fba"}},
  0},
 {<<"lfe-version">>,
  {git,"https://github.com/lfe-rebar3/version.git",
       {ref,"76919956b78112b86bbe5972ffc136741d708f10"}},
  2},
 {<<"logjam">>,
  {git,"git://github.com/lfex/logjam",
       {ref,"1b3421f4825dd801363217bcc1e0f6fe4976833f"}},
  0},
 {<<"ltest">>,
  {git,"git://github.com/lfex/ltest",
       {ref,"7f80be01903673551695359d710f6a64dece4fed"}},
  0},
 {<<"lutil">>,
  {git,"git://github.com/lfex/lutil",
       {ref,"fa0e5c9085c102b96f392162ece7fda622384681"}},
  0},
 {<<"ranch">>,
  {git,"https://github.com/ninenines/ranch.git",
       {ref,"adf1822defc2b7cfdc7aca112adabfa1d614043c"}},
  1},
 {<<"scrypt">>,
  {git,"git://github.com/tonyg/erlang-scrypt",
       {ref,"01b761c2490d769c81bbf989d97be85c25b083e6"}},
  0}].
